// !$*UTF8*$!
{
	archiveVersion = 1;
	classes = {
	};
	objectVersion = 56;
	objects = {

/* Begin PBXBuildFile section */
		2FAB0CA728ED157700AF5039 /* AppDelegate.swift in Sources */ = {isa = PBXBuildFile; fileRef = 2FAB0CA628ED157700AF5039 /* AppDelegate.swift */; };
		2FAB0CA928ED157700AF5039 /* SceneDelegate.swift in Sources */ = {isa = PBXBuildFile; fileRef = 2FAB0CA828ED157700AF5039 /* SceneDelegate.swift */; };
		2FAB0CAB28ED157700AF5039 /* ViewController.swift in Sources */ = {isa = PBXBuildFile; fileRef = 2FAB0CAA28ED157700AF5039 /* ViewController.swift */; };
		2FAB0CAE28ED157700AF5039 /* Main.storyboard in Resources */ = {isa = PBXBuildFile; fileRef = 2FAB0CAC28ED157700AF5039 /* Main.storyboard */; };
		2FAB0CB028ED157800AF5039 /* Assets.xcassets in Resources */ = {isa = PBXBuildFile; fileRef = 2FAB0CAF28ED157800AF5039 /* Assets.xcassets */; };
		2FAB0CB328ED157800AF5039 /* LaunchScreen.storyboard in Resources */ = {isa = PBXBuildFile; fileRef = 2FAB0CB128ED157800AF5039 /* LaunchScreen.storyboard */; };
		2FAB0CBB28ED1D5200AF5039 /* GoogleService-Info.plist in Resources */ = {isa = PBXBuildFile; fileRef = 2FAB0CBA28ED1D5200AF5039 /* GoogleService-Info.plist */; };
		2FDC147328F4EDDA00E21E4D /* FirebaseAnalyticsWithoutAdIdSupport in Frameworks */ = {isa = PBXBuildFile; productRef = 2FDC147228F4EDDA00E21E4D /* FirebaseAnalyticsWithoutAdIdSupport */; };
		2FDC147528F4EDDA00E21E4D /* FirebaseCrashlytics in Frameworks */ = {isa = PBXBuildFile; productRef = 2FDC147428F4EDDA00E21E4D /* FirebaseCrashlytics */; };
		2FDC147728F4EDDA00E21E4D /* FirebaseMessaging in Frameworks */ = {isa = PBXBuildFile; productRef = 2FDC147628F4EDDA00E21E4D /* FirebaseMessaging */; };
/* End PBXBuildFile section */

/* Begin PBXFileReference section */
		2FAB0CA328ED157700AF5039 /* SeSACFirebase.app */ = {isa = PBXFileReference; explicitFileType = wrapper.application; includeInIndex = 0; path = SeSACFirebase.app; sourceTree = BUILT_PRODUCTS_DIR; };
		2FAB0CA628ED157700AF5039 /* AppDelegate.swift */ = {isa = PBXFileReference; lastKnownFileType = sourcecode.swift; path = AppDelegate.swift; sourceTree = "<group>"; };
		2FAB0CA828ED157700AF5039 /* SceneDelegate.swift */ = {isa = PBXFileReference; lastKnownFileType = sourcecode.swift; path = SceneDelegate.swift; sourceTree = "<group>"; };
		2FAB0CAA28ED157700AF5039 /* ViewController.swift */ = {isa = PBXFileReference; lastKnownFileType = sourcecode.swift; path = ViewController.swift; sourceTree = "<group>"; };
		2FAB0CAD28ED157700AF5039 /* Base */ = {isa = PBXFileReference; lastKnownFileType = file.storyboard; name = Base; path = Base.lproj/Main.storyboard; sourceTree = "<group>"; };
		2FAB0CAF28ED157800AF5039 /* Assets.xcassets */ = {isa = PBXFileReference; lastKnownFileType = folder.assetcatalog; path = Assets.xcassets; sourceTree = "<group>"; };
		2FAB0CB228ED157800AF5039 /* Base */ = {isa = PBXFileReference; lastKnownFileType = file.storyboard; name = Base; path = Base.lproj/LaunchScreen.storyboard; sourceTree = "<group>"; };
		2FAB0CB428ED157800AF5039 /* Info.plist */ = {isa = PBXFileReference; lastKnownFileType = text.plist.xml; path = Info.plist; sourceTree = "<group>"; };
		2FAB0CBA28ED1D5200AF5039 /* GoogleService-Info.plist */ = {isa = PBXFileReference; fileEncoding = 4; lastKnownFileType = text.plist.xml; path = "GoogleService-Info.plist"; sourceTree = "<group>"; };
		2FDC147828F4F24900E21E4D /* SeSACFirebase.entitlements */ = {isa = PBXFileReference; lastKnownFileType = text.plist.entitlements; path = SeSACFirebase.entitlements; sourceTree = "<group>"; };
/* End PBXFileReference section */

/* Begin PBXFrameworksBuildPhase section */
		2FAB0CA028ED157700AF5039 /* Frameworks */ = {
			isa = PBXFrameworksBuildPhase;
			buildActionMask = 2147483647;
			files = (
				2FDC147728F4EDDA00E21E4D /* FirebaseMessaging in Frameworks */,
				2FDC147328F4EDDA00E21E4D /* FirebaseAnalyticsWithoutAdIdSupport in Frameworks */,
				2FDC147528F4EDDA00E21E4D /* FirebaseCrashlytics in Frameworks */,
			);
			runOnlyForDeploymentPostprocessing = 0;
		};
/* End PBXFrameworksBuildPhase section */

/* Begin PBXGroup section */
		2FAB0C9A28ED157700AF5039 = {
			isa = PBXGroup;
			children = (
				2FAB0CA528ED157700AF5039 /* SeSACFirebase */,
				2FAB0CA428ED157700AF5039 /* Products */,
			);
			sourceTree = "<group>";
		};
		2FAB0CA428ED157700AF5039 /* Products */ = {
			isa = PBXGroup;
			children = (
				2FAB0CA328ED157700AF5039 /* SeSACFirebase.app */,
			);
			name = Products;
			sourceTree = "<group>";
		};
		2FAB0CA528ED157700AF5039 /* SeSACFirebase */ = {
			isa = PBXGroup;
			children = (
				2FDC147828F4F24900E21E4D /* SeSACFirebase.entitlements */,
				2FAB0CBA28ED1D5200AF5039 /* GoogleService-Info.plist */,
				2FAB0CA628ED157700AF5039 /* AppDelegate.swift */,
				2FAB0CA828ED157700AF5039 /* SceneDelegate.swift */,
				2FAB0CAA28ED157700AF5039 /* ViewController.swift */,
				2FAB0CAC28ED157700AF5039 /* Main.storyboard */,
				2FAB0CAF28ED157800AF5039 /* Assets.xcassets */,
				2FAB0CB128ED157800AF5039 /* LaunchScreen.storyboard */,
				2FAB0CB428ED157800AF5039 /* Info.plist */,
			);
			path = SeSACFirebase;
			sourceTree = "<group>";
		};
/* End PBXGroup section */

/* Begin PBXNativeTarget section */
		2FAB0CA228ED157700AF5039 /* SeSACFirebase */ = {
			isa = PBXNativeTarget;
			buildConfigurationList = 2FAB0CB728ED157800AF5039 /* Build configuration list for PBXNativeTarget "SeSACFirebase" */;
			buildPhases = (
				2FAB0C9F28ED157700AF5039 /* Sources */,
				2FAB0CA028ED157700AF5039 /* Frameworks */,
				2FAB0CA128ED157700AF5039 /* Resources */,
				2FAB0CC428ED2E5B00AF5039 /* ShellScript */,
			);
			buildRules = (
			);
			dependencies = (
			);
			name = SeSACFirebase;
			packageProductDependencies = (
				2FDC147228F4EDDA00E21E4D /* FirebaseAnalyticsWithoutAdIdSupport */,
				2FDC147428F4EDDA00E21E4D /* FirebaseCrashlytics */,
				2FDC147628F4EDDA00E21E4D /* FirebaseMessaging */,
			);
			productName = SeSACFirebase;
			productReference = 2FAB0CA328ED157700AF5039 /* SeSACFirebase.app */;
			productType = "com.apple.product-type.application";
		};
/* End PBXNativeTarget section */

/* Begin PBXProject section */
		2FAB0C9B28ED157700AF5039 /* Project object */ = {
			isa = PBXProject;
			attributes = {
				BuildIndependentTargetsInParallel = 1;
				LastSwiftUpdateCheck = 1400;
				LastUpgradeCheck = 1400;
				TargetAttributes = {
					2FAB0CA228ED157700AF5039 = {
						CreatedOnToolsVersion = 14.0;
					};
				};
			};
			buildConfigurationList = 2FAB0C9E28ED157700AF5039 /* Build configuration list for PBXProject "SeSACFirebase" */;
			compatibilityVersion = "Xcode 14.0";
			developmentRegion = en;
			hasScannedForEncodings = 0;
			knownRegions = (
				en,
				Base,
			);
			mainGroup = 2FAB0C9A28ED157700AF5039;
			packageReferences = (
				2FDC147128F4EDDA00E21E4D /* XCRemoteSwiftPackageReference "firebase-ios-sdk" */,
			);
			productRefGroup = 2FAB0CA428ED157700AF5039 /* Products */;
			projectDirPath = "";
			projectRoot = "";
			targets = (
				2FAB0CA228ED157700AF5039 /* SeSACFirebase */,
			);
		};
/* End PBXProject section */

/* Begin PBXResourcesBuildPhase section */
		2FAB0CA128ED157700AF5039 /* Resources */ = {
			isa = PBXResourcesBuildPhase;
			buildActionMask = 2147483647;
			files = (
				2FAB0CB328ED157800AF5039 /* LaunchScreen.storyboard in Resources */,
				2FAB0CBB28ED1D5200AF5039 /* GoogleService-Info.plist in Resources */,
				2FAB0CB028ED157800AF5039 /* Assets.xcassets in Resources */,
				2FAB0CAE28ED157700AF5039 /* Main.storyboard in Resources */,
			);
			runOnlyForDeploymentPostprocessing = 0;
		};
/* End PBXResourcesBuildPhase section */

/* Begin PBXShellScriptBuildPhase section */
		2FAB0CC428ED2E5B00AF5039 /* ShellScript */ = {
			isa = PBXShellScriptBuildPhase;
			alwaysOutOfDate = 1;
			buildActionMask = 2147483647;
			files = (
			);
			inputFileListPaths = (
			);
			inputPaths = (
				"${DWARF_DSYM_FOLDER_PATH}/${DWARF_DSYM_FILE_NAME}/Contents/Resources/DWARF/${TARGET_NAME}",
				"$(SRCROOT)/$(BUILT_PRODUCTS_DIR)/$(INFOPLIST_PATH)",
			);
			outputFileListPaths = (
			);
			outputPaths = (
			);
			runOnlyForDeploymentPostprocessing = 0;
			shellPath = /bin/sh;
			shellScript = "# Type a script or drag a script file from your workspace to insert its path.\n\"${BUILD_DIR%/Build/*}/SourcePackages/checkouts/firebase-ios-sdk/Crashlytics/run\"\n";
		};
/* End PBXShellScriptBuildPhase section */

/* Begin PBXSourcesBuildPhase section */
		2FAB0C9F28ED157700AF5039 /* Sources */ = {
			isa = PBXSourcesBuildPhase;
			buildActionMask = 2147483647;
			files = (
				2FAB0CAB28ED157700AF5039 /* ViewController.swift in Sources */,
				2FAB0CA728ED157700AF5039 /* AppDelegate.swift in Sources */,
				2FAB0CA928ED157700AF5039 /* SceneDelegate.swift in Sources */,
			);
			runOnlyForDeploymentPostprocessing = 0;
		};
/* End PBXSourcesBuildPhase section */

/* Begin PBXVariantGroup section */
		2FAB0CAC28ED157700AF5039 /* Main.storyboard */ = {
			isa = PBXVariantGroup;
			children = (
				2FAB0CAD28ED157700AF5039 /* Base */,
			);
			name = Main.storyboard;
			sourceTree = "<group>";
		};
		2FAB0CB128ED157800AF5039 /* LaunchScreen.storyboard */ = {
			isa = PBXVariantGroup;
			children = (
				2FAB0CB228ED157800AF5039 /* Base */,
			);
			name = LaunchScreen.storyboard;
			sourceTree = "<group>";
		};
/* End PBXVariantGroup section */

/* Begin XCBuildConfiguration section */
		2FAB0CB528ED157800AF5039 /* Debug */ = {
			isa = XCBuildConfiguration;
			buildSettings = {
				ALWAYS_SEARCH_USER_PATHS = NO;
				CLANG_ANALYZER_NONNULL = YES;
				CLANG_ANALYZER_NUMBER_OBJECT_CONVERSION = YES_AGGRESSIVE;
				CLANG_CXX_LANGUAGE_STANDARD = "gnu++20";
				CLANG_ENABLE_MODULES = YES;
				CLANG_ENABLE_OBJC_ARC = YES;
				CLANG_ENABLE_OBJC_WEAK = YES;
				CLANG_WARN_BLOCK_CAPTURE_AUTORELEASING = YES;
				CLANG_WARN_BOOL_CONVERSION = YES;
				CLANG_WARN_COMMA = YES;
				CLANG_WARN_CONSTANT_CONVERSION = YES;
				CLANG_WARN_DEPRECATED_OBJC_IMPLEMENTATIONS = YES;
				CLANG_WARN_DIRECT_OBJC_ISA_USAGE = YES_ERROR;
				CLANG_WARN_DOCUMENTATION_COMMENTS = YES;
				CLANG_WARN_EMPTY_BODY = YES;
				CLANG_WARN_ENUM_CONVERSION = YES;
				CLANG_WARN_INFINITE_RECURSION = YES;
				CLANG_WARN_INT_CONVERSION = YES;
				CLANG_WARN_NON_LITERAL_NULL_CONVERSION = YES;
				CLANG_WARN_OBJC_IMPLICIT_RETAIN_SELF = YES;
				CLANG_WARN_OBJC_LITERAL_CONVERSION = YES;
				CLANG_WARN_OBJC_ROOT_CLASS = YES_ERROR;
				CLANG_WARN_QUOTED_INCLUDE_IN_FRAMEWORK_HEADER = YES;
				CLANG_WARN_RANGE_LOOP_ANALYSIS = YES;
				CLANG_WARN_STRICT_PROTOTYPES = YES;
				CLANG_WARN_SUSPICIOUS_MOVE = YES;
				CLANG_WARN_UNGUARDED_AVAILABILITY = YES_AGGRESSIVE;
				CLANG_WARN_UNREACHABLE_CODE = YES;
				CLANG_WARN__DUPLICATE_METHOD_MATCH = YES;
				COPY_PHASE_STRIP = NO;
				DEBUG_INFORMATION_FORMAT = "dwarf-with-dsym";
				ENABLE_STRICT_OBJC_MSGSEND = YES;
				ENABLE_TESTABILITY = YES;
				GCC_C_LANGUAGE_STANDARD = gnu11;
				GCC_DYNAMIC_NO_PIC = NO;
				GCC_NO_COMMON_BLOCKS = YES;
				GCC_OPTIMIZATION_LEVEL = 0;
				GCC_PREPROCESSOR_DEFINITIONS = (
					"DEBUG=1",
					"$(inherited)",
				);
				GCC_WARN_64_TO_32_BIT_CONVERSION = YES;
				GCC_WARN_ABOUT_RETURN_TYPE = YES_ERROR;
				GCC_WARN_UNDECLARED_SELECTOR = YES;
				GCC_WARN_UNINITIALIZED_AUTOS = YES_AGGRESSIVE;
				GCC_WARN_UNUSED_FUNCTION = YES;
				GCC_WARN_UNUSED_VARIABLE = YES;
				IPHONEOS_DEPLOYMENT_TARGET = 16.0;
				MTL_ENABLE_DEBUG_INFO = INCLUDE_SOURCE;
				MTL_FAST_MATH = YES;
				ONLY_ACTIVE_ARCH = YES;
				SDKROOT = iphoneos;
				SWIFT_ACTIVE_COMPILATION_CONDITIONS = DEBUG;
				SWIFT_OPTIMIZATION_LEVEL = "-Onone";
			};
			name = Debug;
		};
		2FAB0CB628ED157800AF5039 /* Release */ = {
			isa = XCBuildConfiguration;
			buildSettings = {
				ALWAYS_SEARCH_USER_PATHS = NO;
				CLANG_ANALYZER_NONNULL = YES;
				CLANG_ANALYZER_NUMBER_OBJECT_CONVERSION = YES_AGGRESSIVE;
				CLANG_CXX_LANGUAGE_STANDARD = "gnu++20";
				CLANG_ENABLE_MODULES = YES;
				CLANG_ENABLE_OBJC_ARC = YES;
				CLANG_ENABLE_OBJC_WEAK = YES;
				CLANG_WARN_BLOCK_CAPTURE_AUTORELEASING = YES;
				CLANG_WARN_BOOL_CONVERSION = YES;
				CLANG_WARN_COMMA = YES;
				CLANG_WARN_CONSTANT_CONVERSION = YES;
				CLANG_WARN_DEPRECATED_OBJC_IMPLEMENTATIONS = YES;
				CLANG_WARN_DIRECT_OBJC_ISA_USAGE = YES_ERROR;
				CLANG_WARN_DOCUMENTATION_COMMENTS = YES;
				CLANG_WARN_EMPTY_BODY = YES;
				CLANG_WARN_ENUM_CONVERSION = YES;
				CLANG_WARN_INFINITE_RECURSION = YES;
				CLANG_WARN_INT_CONVERSION = YES;
				CLANG_WARN_NON_LITERAL_NULL_CONVERSION = YES;
				CLANG_WARN_OBJC_IMPLICIT_RETAIN_SELF = YES;
				CLANG_WARN_OBJC_LITERAL_CONVERSION = YES;
				CLANG_WARN_OBJC_ROOT_CLASS = YES_ERROR;
				CLANG_WARN_QUOTED_INCLUDE_IN_FRAMEWORK_HEADER = YES;
				CLANG_WARN_RANGE_LOOP_ANALYSIS = YES;
				CLANG_WARN_STRICT_PROTOTYPES = YES;
				CLANG_WARN_SUSPICIOUS_MOVE = YES;
				CLANG_WARN_UNGUARDED_AVAILABILITY = YES_AGGRESSIVE;
				CLANG_WARN_UNREACHABLE_CODE = YES;
				CLANG_WARN__DUPLICATE_METHOD_MATCH = YES;
				COPY_PHASE_STRIP = NO;
				DEBUG_INFORMATION_FORMAT = "dwarf-with-dsym";
				ENABLE_NS_ASSERTIONS = NO;
				ENABLE_STRICT_OBJC_MSGSEND = YES;
				GCC_C_LANGUAGE_STANDARD = gnu11;
				GCC_NO_COMMON_BLOCKS = YES;
				GCC_WARN_64_TO_32_BIT_CONVERSION = YES;
				GCC_WARN_ABOUT_RETURN_TYPE = YES_ERROR;
				GCC_WARN_UNDECLARED_SELECTOR = YES;
				GCC_WARN_UNINITIALIZED_AUTOS = YES_AGGRESSIVE;
				GCC_WARN_UNUSED_FUNCTION = YES;
				GCC_WARN_UNUSED_VARIABLE = YES;
				IPHONEOS_DEPLOYMENT_TARGET = 16.0;
				MTL_ENABLE_DEBUG_INFO = NO;
				MTL_FAST_MATH = YES;
				SDKROOT = iphoneos;
				SWIFT_COMPILATION_MODE = wholemodule;
				SWIFT_OPTIMIZATION_LEVEL = "-O";
				VALIDATE_PRODUCT = YES;
			};
			name = Release;
		};
		2FAB0CB828ED157800AF5039 /* Debug */ = {
			isa = XCBuildConfiguration;
			buildSettings = {
				ASSETCATALOG_COMPILER_APPICON_NAME = AppIcon;
				ASSETCATALOG_COMPILER_GLOBAL_ACCENT_COLOR_NAME = AccentColor;
				CODE_SIGN_ENTITLEMENTS = SeSACFirebase/SeSACFirebase.entitlements;
				CODE_SIGN_STYLE = Automatic;
				CURRENT_PROJECT_VERSION = 1;
				DEVELOPMENT_TEAM = LL4R66V6Y3;
				GENERATE_INFOPLIST_FILE = YES;
				INFOPLIST_FILE = SeSACFirebase/Info.plist;
				INFOPLIST_KEY_UIApplicationSupportsIndirectInputEvents = YES;
				INFOPLIST_KEY_UILaunchStoryboardName = LaunchScreen;
				INFOPLIST_KEY_UIMainStoryboardFile = Main;
				INFOPLIST_KEY_UISupportedInterfaceOrientations_iPad = "UIInterfaceOrientationPortrait UIInterfaceOrientationPortraitUpsideDown UIInterfaceOrientationLandscapeLeft UIInterfaceOrientationLandscapeRight";
				INFOPLIST_KEY_UISupportedInterfaceOrientations_iPhone = "UIInterfaceOrientationPortrait UIInterfaceOrientationLandscapeLeft UIInterfaceOrientationLandscapeRight";
				LD_RUNPATH_SEARCH_PATHS = (
					"$(inherited)",
					"@executable_path/Frameworks",
				);
				MARKETING_VERSION = 1.0;
				PRODUCT_BUNDLE_IDENTIFIER = cody.SeSACFirebase;
				PRODUCT_NAME = "$(TARGET_NAME)";
				SWIFT_EMIT_LOC_STRINGS = YES;
				SWIFT_VERSION = 5.0;
				TARGETED_DEVICE_FAMILY = "1,2";
			};
			name = Debug;
		};
		2FAB0CB928ED157800AF5039 /* Release */ = {
			isa = XCBuildConfiguration;
			buildSettings = {
				ASSETCATALOG_COMPILER_APPICON_NAME = AppIcon;
				ASSETCATALOG_COMPILER_GLOBAL_ACCENT_COLOR_NAME = AccentColor;
				CODE_SIGN_ENTITLEMENTS = SeSACFirebase/SeSACFirebase.entitlements;
				CODE_SIGN_STYLE = Automatic;
				CURRENT_PROJECT_VERSION = 1;
				DEVELOPMENT_TEAM = LL4R66V6Y3;
				GENERATE_INFOPLIST_FILE = YES;
				INFOPLIST_FILE = SeSACFirebase/Info.plist;
				INFOPLIST_KEY_UIApplicationSupportsIndirectInputEvents = YES;
				INFOPLIST_KEY_UILaunchStoryboardName = LaunchScreen;
				INFOPLIST_KEY_UIMainStoryboardFile = Main;
				INFOPLIST_KEY_UISupportedInterfaceOrientations_iPad = "UIInterfaceOrientationPortrait UIInterfaceOrientationPortraitUpsideDown UIInterfaceOrientationLandscapeLeft UIInterfaceOrientationLandscapeRight";
				INFOPLIST_KEY_UISupportedInterfaceOrientations_iPhone = "UIInterfaceOrientationPortrait UIInterfaceOrientationLandscapeLeft UIInterfaceOrientationLandscapeRight";
				LD_RUNPATH_SEARCH_PATHS = (
					"$(inherited)",
					"@executable_path/Frameworks",
				);
				MARKETING_VERSION = 1.0;
				PRODUCT_BUNDLE_IDENTIFIER = cody.SeSACFirebase;
				PRODUCT_NAME = "$(TARGET_NAME)";
				SWIFT_EMIT_LOC_STRINGS = YES;
				SWIFT_VERSION = 5.0;
				TARGETED_DEVICE_FAMILY = "1,2";
			};
			name = Release;
		};
/* End XCBuildConfiguration section */

/* Begin XCConfigurationList section */
		2FAB0C9E28ED157700AF5039 /* Build configuration list for PBXProject "SeSACFirebase" */ = {
			isa = XCConfigurationList;
			buildConfigurations = (
				2FAB0CB528ED157800AF5039 /* Debug */,
				2FAB0CB628ED157800AF5039 /* Release */,
			);
			defaultConfigurationIsVisible = 0;
			defaultConfigurationName = Release;
		};
		2FAB0CB728ED157800AF5039 /* Build configuration list for PBXNativeTarget "SeSACFirebase" */ = {
			isa = XCConfigurationList;
			buildConfigurations = (
				2FAB0CB828ED157800AF5039 /* Debug */,
				2FAB0CB928ED157800AF5039 /* Release */,
			);
			defaultConfigurationIsVisible = 0;
			defaultConfigurationName = Release;
		};
/* End XCConfigurationList section */

/* Begin XCRemoteSwiftPackageReference section */
		2FDC147128F4EDDA00E21E4D /* XCRemoteSwiftPackageReference "firebase-ios-sdk" */ = {
			isa = XCRemoteSwiftPackageReference;
			repositoryURL = "https://github.com/firebase/firebase-ios-sdk";
			requirement = {
				kind = upToNextMajorVersion;
				minimumVersion = 9.0.0;
			};
		};
/* End XCRemoteSwiftPackageReference section */

/* Begin XCSwiftPackageProductDependency section */
		2FDC147228F4EDDA00E21E4D /* FirebaseAnalyticsWithoutAdIdSupport */ = {
			isa = XCSwiftPackageProductDependency;
			package = 2FDC147128F4EDDA00E21E4D /* XCRemoteSwiftPackageReference "firebase-ios-sdk" */;
			productName = FirebaseAnalyticsWithoutAdIdSupport;
		};
		2FDC147428F4EDDA00E21E4D /* FirebaseCrashlytics */ = {
			isa = XCSwiftPackageProductDependency;
			package = 2FDC147128F4EDDA00E21E4D /* XCRemoteSwiftPackageReference "firebase-ios-sdk" */;
			productName = FirebaseCrashlytics;
		};
		2FDC147628F4EDDA00E21E4D /* FirebaseMessaging */ = {
			isa = XCSwiftPackageProductDependency;
			package = 2FDC147128F4EDDA00E21E4D /* XCRemoteSwiftPackageReference "firebase-ios-sdk" */;
			productName = FirebaseMessaging;
		};
/* End XCSwiftPackageProductDependency section */
	};
	rootObject = 2FAB0C9B28ED157700AF5039 /* Project object */;
}
